// !$*UTF8*$!
{
	archiveVersion = 1;
	classes = {
	};
	objectVersion = 60;
	objects = {

/* Begin PBXBuildFile section */
		1703131F2382DDF2007E2EE3 /* AppState.swift in Sources */ = {isa = PBXBuildFile; fileRef = 1703131E2382DDF2007E2EE3 /* AppState.swift */; };
		1715B36724372FD800413FBF /* SearchField.swift in Sources */ = {isa = PBXBuildFile; fileRef = 1715B36624372FD800413FBF /* SearchField.swift */; };
		1715B3692437305100413FBF /* BirdRow.swift in Sources */ = {isa = PBXBuildFile; fileRef = 1715B3682437305100413FBF /* BirdRow.swift */; };
		1720682F236AD0F40008905F /* SymbolView.swift in Sources */ = {isa = PBXBuildFile; fileRef = 1720682E236AD0F40008905F /* SymbolView.swift */; };
		17206831236B5A920008905F /* Filter.swift in Sources */ = {isa = PBXBuildFile; fileRef = 17206830236B5A920008905F /* Filter.swift */; };
		172D564E24A1077F00C8419E /* ShareSheet.swift in Sources */ = {isa = PBXBuildFile; fileRef = 172D564D24A1077F00C8419E /* ShareSheet.swift */; };
		172DF95D24AE6A12009F430C /* Settings.bundle in Resources */ = {isa = PBXBuildFile; fileRef = 172DF95C24AE6A12009F430C /* Settings.bundle */; };
		174557F7269C23A20069FDD0 /* FavoritesManager.swift in Sources */ = {isa = PBXBuildFile; fileRef = 174557F6269C23A20069FDD0 /* FavoritesManager.swift */; };
		1746B50124DE0054001E7357 /* AlertItem.swift in Sources */ = {isa = PBXBuildFile; fileRef = 1746B50024DE0054001E7357 /* AlertItem.swift */; };
		17493752269C3813001DB8B5 /* CloudDefaults.swift in Sources */ = {isa = PBXBuildFile; fileRef = 17493751269C3813001DB8B5 /* CloudDefaults.swift */; };
		175CC8DE24856B88006F99D3 /* VdsDataTypes.swift in Sources */ = {isa = PBXBuildFile; fileRef = 175CC8DD24856B88006F99D3 /* VdsDataTypes.swift */; };
		175D717A248EE1E30041E4F2 /* BirdDetailViewModel.swift in Sources */ = {isa = PBXBuildFile; fileRef = 175D7179248EE1E30041E4F2 /* BirdDetailViewModel.swift */; };
		1761694227204F7C0056C08A /* Preview Assets.xcassets in Resources */ = {isa = PBXBuildFile; fileRef = 1761694027204E0C0056C08A /* Preview Assets.xcassets */; };
		176E89E224AA71D200D38E6B /* UserDefault.swift in Sources */ = {isa = PBXBuildFile; fileRef = 176E89E124AA71D200D38E6B /* UserDefault.swift */; };
		176E89E424AA725C00D38E6B /* SettingsStore.swift in Sources */ = {isa = PBXBuildFile; fileRef = 176E89E324AA725C00D38E6B /* SettingsStore.swift */; };
		176FA85527173EA200D9F734 /* BirdGrid.swift in Sources */ = {isa = PBXBuildFile; fileRef = 176FA85427173EA200D9F734 /* BirdGrid.swift */; };
		176FA85727174BBD00D9F734 /* BirdCell.swift in Sources */ = {isa = PBXBuildFile; fileRef = 176FA85627174BBD00D9F734 /* BirdCell.swift */; };
		177579672AD5E7E800DEAE1A /* Preview-extensions.swift in Sources */ = {isa = PBXBuildFile; fileRef = 177579662AD5E7E800DEAE1A /* Preview-extensions.swift */; };
		1779657F2453184D00A2A1B2 /* Extensions.swift in Sources */ = {isa = PBXBuildFile; fileRef = 1779657E2453184D00A2A1B2 /* Extensions.swift */; };
		177965812453195D00A2A1B2 /* ManagedFilterList.swift in Sources */ = {isa = PBXBuildFile; fileRef = 177965802453195D00A2A1B2 /* ManagedFilterList.swift */; };
		178324782B5D32D500CD208A /* Localizable.xcstrings in Resources */ = {isa = PBXBuildFile; fileRef = 178324772B5D32D500CD208A /* Localizable.xcstrings */; };
		1783247A2B5D32D500CD208A /* Localizable.xcstrings in Resources */ = {isa = PBXBuildFile; fileRef = 178324792B5D32D500CD208A /* Localizable.xcstrings */; };
		1783247C2B5D32D600CD208A /* InfoPlist.xcstrings in Resources */ = {isa = PBXBuildFile; fileRef = 1783247B2B5D32D600CD208A /* InfoPlist.xcstrings */; };
		17863CDF2496D340005017F9 /* VdsAPI.swift in Sources */ = {isa = PBXBuildFile; fileRef = 17863CDE2496D340005017F9 /* VdsAPI.swift */; };
		1790857C2431258D003A302F /* Filter.xcassets in Resources */ = {isa = PBXBuildFile; fileRef = 1790857B2431258D003A302F /* Filter.xcassets */; };
		1798881C2B01720800058E3F /* SwissBirdsApp.swift in Sources */ = {isa = PBXBuildFile; fileRef = 1798881B2B01720800058E3F /* SwissBirdsApp.swift */; };
		17A2A45F25643C0C00388357 /* AppState_PreviewWrapper.swift in Sources */ = {isa = PBXBuildFile; fileRef = 17A2A45E25643C0C00388357 /* AppState_PreviewWrapper.swift */; };
		17AAEF45271896940012C22D /* NavigationState.swift in Sources */ = {isa = PBXBuildFile; fileRef = 17AAEF44271896940012C22D /* NavigationState.swift */; };
		17B1B43B2546C0E200B422B6 /* WidgetKit.framework in Frameworks */ = {isa = PBXBuildFile; fileRef = 17B1B43A2546C0E200B422B6 /* WidgetKit.framework */; };
		17B1B43D2546C0E200B422B6 /* SwiftUI.framework in Frameworks */ = {isa = PBXBuildFile; fileRef = 17B1B43C2546C0E200B422B6 /* SwiftUI.framework */; };
		17B1B4402546C0E200B422B6 /* BirdOfTheDayWidget.swift in Sources */ = {isa = PBXBuildFile; fileRef = 17B1B43F2546C0E200B422B6 /* BirdOfTheDayWidget.swift */; };
		17B1B4432546C0E600B422B6 /* Assets.xcassets in Resources */ = {isa = PBXBuildFile; fileRef = 17B1B4422546C0E600B422B6 /* Assets.xcassets */; };
		17B1B4492546C0E600B422B6 /* BirdOfTheDayWidgetExtension.appex in Embed Foundation Extensions */ = {isa = PBXBuildFile; fileRef = 17B1B4392546C0E200B422B6 /* BirdOfTheDayWidgetExtension.appex */; settings = {ATTRIBUTES = (RemoveHeadersOnCopy, ); }; };
		17B1B4522546C3E300B422B6 /* VdsDataTypes.swift in Sources */ = {isa = PBXBuildFile; fileRef = 175CC8DD24856B88006F99D3 /* VdsDataTypes.swift */; };
		17B1B4532546C3E300B422B6 /* VdsAPI.swift in Sources */ = {isa = PBXBuildFile; fileRef = 17863CDE2496D340005017F9 /* VdsAPI.swift */; };
		17B1B4592546C41D00B422B6 /* Languages.swift in Sources */ = {isa = PBXBuildFile; fileRef = 17B1B4582546C41D00B422B6 /* Languages.swift */; };
		17B1B45E2546C42E00B422B6 /* Languages.swift in Sources */ = {isa = PBXBuildFile; fileRef = 17B1B4582546C41D00B422B6 /* Languages.swift */; };
		17B1B4632546C44900B422B6 /* Extensions.swift in Sources */ = {isa = PBXBuildFile; fileRef = 1779657E2453184D00A2A1B2 /* Extensions.swift */; };
		17B1B476254710D800B422B6 /* DataFetcher.swift in Sources */ = {isa = PBXBuildFile; fileRef = 17B1B46C25470CC100B422B6 /* DataFetcher.swift */; };
		17B7200B2551FE9D002087FC /* Characteristic.swift in Sources */ = {isa = PBXBuildFile; fileRef = 17B7200A2551FE9D002087FC /* Characteristic.swift */; };
		17B720112551FEB9002087FC /* CharacteristicView.swift in Sources */ = {isa = PBXBuildFile; fileRef = 17B720102551FEB9002087FC /* CharacteristicView.swift */; };
		17B960F523699370003AA802 /* ContentView.swift in Sources */ = {isa = PBXBuildFile; fileRef = 17B960F423699370003AA802 /* ContentView.swift */; };
		17B960F723699375003AA802 /* Assets.xcassets in Resources */ = {isa = PBXBuildFile; fileRef = 17B960F623699375003AA802 /* Assets.xcassets */; };
		17B960FD23699375003AA802 /* LaunchScreen.storyboard in Resources */ = {isa = PBXBuildFile; fileRef = 17B960FB23699375003AA802 /* LaunchScreen.storyboard */; };
		17B9610823699375003AA802 /* SwissBirdsTests.swift in Sources */ = {isa = PBXBuildFile; fileRef = 17B9610723699375003AA802 /* SwissBirdsTests.swift */; };
		17B9611323699375003AA802 /* SwissBirdsUITests.swift in Sources */ = {isa = PBXBuildFile; fileRef = 17B9611223699375003AA802 /* SwissBirdsUITests.swift */; };
		17D1A500236CBEFF00E8588C /* BirdDetail.swift in Sources */ = {isa = PBXBuildFile; fileRef = 17D1A4FF236CBEFF00E8588C /* BirdDetail.swift */; };
		17D1A505236CDA8500E8588C /* Data.swift in Sources */ = {isa = PBXBuildFile; fileRef = 17D1A504236CDA8500E8588C /* Data.swift */; };
		17DFEE27271CBC80005D1AA9 /* Snapshots.swift in Sources */ = {isa = PBXBuildFile; fileRef = 17DFEE26271CBC80005D1AA9 /* Snapshots.swift */; };
		17DFEE30271CBC96005D1AA9 /* SnapshotHelper.swift in Sources */ = {isa = PBXBuildFile; fileRef = 17DFEE2F271CBC96005D1AA9 /* SnapshotHelper.swift */; };
		17DFEE33271DFDC7005D1AA9 /* XCTestCase+Extensions.swift in Sources */ = {isa = PBXBuildFile; fileRef = 17E9BB0724D2111B00A87DF4 /* XCTestCase+Extensions.swift */; };
		17E6B34F25497DE500691729 /* SelectSortOptions.swift in Sources */ = {isa = PBXBuildFile; fileRef = 17E6B34E25497DE500691729 /* SelectSortOptions.swift */; };
		17E6B35925497F9900691729 /* SortOptions.swift in Sources */ = {isa = PBXBuildFile; fileRef = 17E6B35825497F9900691729 /* SortOptions.swift */; };
		17E6B35F2549974900691729 /* Checkmark.swift in Sources */ = {isa = PBXBuildFile; fileRef = 17E6B35E2549974900691729 /* Checkmark.swift */; };
		17E9BB0824D2111B00A87DF4 /* XCTestCase+Extensions.swift in Sources */ = {isa = PBXBuildFile; fileRef = 17E9BB0724D2111B00A87DF4 /* XCTestCase+Extensions.swift */; };
		17ECD39A24A655E200226BF4 /* BirdOfTheDay.swift in Sources */ = {isa = PBXBuildFile; fileRef = 17ECD39924A655E200226BF4 /* BirdOfTheDay.swift */; };
		17ECD39E24A72D1800226BF4 /* BirdImageView.swift in Sources */ = {isa = PBXBuildFile; fileRef = 17ECD39D24A72D1800226BF4 /* BirdImageView.swift */; };
		17EE09C0254F34BC00C600A7 /* SectionGroup.swift in Sources */ = {isa = PBXBuildFile; fileRef = 17EE09BF254F34BC00C600A7 /* SectionGroup.swift */; };
		17FA869B2A03009B007C31AC /* Placeholder.jpg in Resources */ = {isa = PBXBuildFile; fileRef = 17FA869A2A03009B007C31AC /* Placeholder.jpg */; };
		17FA869F2A0302B5007C31AC /* Bundle-sampleData.swift in Sources */ = {isa = PBXBuildFile; fileRef = 17FA869E2A0302B5007C31AC /* Bundle-sampleData.swift */; };
		17FA86A22A030EEB007C31AC /* URLSession+DownloadTaskPublisher.swift in Sources */ = {isa = PBXBuildFile; fileRef = 17FA86A12A030EEB007C31AC /* URLSession+DownloadTaskPublisher.swift */; };
		17FA86A32A030EEF007C31AC /* URLSession+DownloadTaskPublisher.swift in Sources */ = {isa = PBXBuildFile; fileRef = 17FA86A12A030EEB007C31AC /* URLSession+DownloadTaskPublisher.swift */; };
		17FA86A52A030F0E007C31AC /* UnfairLock.swift in Sources */ = {isa = PBXBuildFile; fileRef = 17FA86A42A030F0E007C31AC /* UnfairLock.swift */; };
		17FA86A62A030F0E007C31AC /* UnfairLock.swift in Sources */ = {isa = PBXBuildFile; fileRef = 17FA86A42A030F0E007C31AC /* UnfairLock.swift */; };
		17FA86A92A03AD34007C31AC /* UIImage-resize.swift in Sources */ = {isa = PBXBuildFile; fileRef = 17FA86A82A03AD34007C31AC /* UIImage-resize.swift */; };
		17FA86AA2A03AD34007C31AC /* UIImage-resize.swift in Sources */ = {isa = PBXBuildFile; fileRef = 17FA86A82A03AD34007C31AC /* UIImage-resize.swift */; };
		17FB3B89236B93650059D268 /* Species.swift in Sources */ = {isa = PBXBuildFile; fileRef = 17FB3B88236B93650059D268 /* Species.swift */; };
		17FB3B8B236B96A20059D268 /* FilterCriteria.swift in Sources */ = {isa = PBXBuildFile; fileRef = 17FB3B8A236B96A20059D268 /* FilterCriteria.swift */; };
		17FB3B8D236B9ABC0059D268 /* BirdList.swift in Sources */ = {isa = PBXBuildFile; fileRef = 17FB3B8C236B9ABC0059D268 /* BirdList.swift */; };
/* End PBXBuildFile section */

/* Begin PBXContainerItemProxy section */
		17B1B4472546C0E600B422B6 /* PBXContainerItemProxy */ = {
			isa = PBXContainerItemProxy;
			containerPortal = 17B960E223699370003AA802 /* Project object */;
			proxyType = 1;
			remoteGlobalIDString = 17B1B4382546C0E200B422B6;
			remoteInfo = BirdOfTheDayWidgetExtension;
		};
		17B9610423699375003AA802 /* PBXContainerItemProxy */ = {
			isa = PBXContainerItemProxy;
			containerPortal = 17B960E223699370003AA802 /* Project object */;
			proxyType = 1;
			remoteGlobalIDString = 17B960E923699370003AA802;
			remoteInfo = "schweizer-voegel";
		};
		17B9610F23699375003AA802 /* PBXContainerItemProxy */ = {
			isa = PBXContainerItemProxy;
			containerPortal = 17B960E223699370003AA802 /* Project object */;
			proxyType = 1;
			remoteGlobalIDString = 17B960E923699370003AA802;
			remoteInfo = "schweizer-voegel";
		};
		17DFEE2A271CBC80005D1AA9 /* PBXContainerItemProxy */ = {
			isa = PBXContainerItemProxy;
			containerPortal = 17B960E223699370003AA802 /* Project object */;
			proxyType = 1;
			remoteGlobalIDString = 17B960E923699370003AA802;
			remoteInfo = SwissBirds;
		};
/* End PBXContainerItemProxy section */

/* Begin PBXCopyFilesBuildPhase section */
		17B1B44A2546C0E600B422B6 /* Embed Foundation Extensions */ = {
			isa = PBXCopyFilesBuildPhase;
			buildActionMask = 2147483647;
			dstPath = "";
			dstSubfolderSpec = 13;
			files = (
				17B1B4492546C0E600B422B6 /* BirdOfTheDayWidgetExtension.appex in Embed Foundation Extensions */,
			);
			name = "Embed Foundation Extensions";
			runOnlyForDeploymentPostprocessing = 0;
		};
/* End PBXCopyFilesBuildPhase section */

/* Begin PBXFileReference section */
		1703131B2382C76A007E2EE3 /* .gitignore */ = {isa = PBXFileReference; lastKnownFileType = text; path = .gitignore; sourceTree = "<group>"; };
		1703131E2382DDF2007E2EE3 /* AppState.swift */ = {isa = PBXFileReference; lastKnownFileType = sourcecode.swift; path = AppState.swift; sourceTree = "<group>"; };
		1715651123AD742F00B8CC13 /* SwissBirdsUI.xctestplan */ = {isa = PBXFileReference; lastKnownFileType = text; path = SwissBirdsUI.xctestplan; sourceTree = "<group>"; };
		1715651223AD7FDA00B8CC13 /* README.md */ = {isa = PBXFileReference; lastKnownFileType = net.daringfireball.markdown; path = README.md; sourceTree = "<group>"; };
		1715B36624372FD800413FBF /* SearchField.swift */ = {isa = PBXFileReference; lastKnownFileType = sourcecode.swift; path = SearchField.swift; sourceTree = "<group>"; };
		1715B3682437305100413FBF /* BirdRow.swift */ = {isa = PBXFileReference; lastKnownFileType = sourcecode.swift; path = BirdRow.swift; sourceTree = "<group>"; };
		1720682E236AD0F40008905F /* SymbolView.swift */ = {isa = PBXFileReference; lastKnownFileType = sourcecode.swift; path = SymbolView.swift; sourceTree = "<group>"; };
		17206830236B5A920008905F /* Filter.swift */ = {isa = PBXFileReference; lastKnownFileType = sourcecode.swift; path = Filter.swift; sourceTree = "<group>"; };
		172D564D24A1077F00C8419E /* ShareSheet.swift */ = {isa = PBXFileReference; lastKnownFileType = sourcecode.swift; path = ShareSheet.swift; sourceTree = "<group>"; };
		172DF95C24AE6A12009F430C /* Settings.bundle */ = {isa = PBXFileReference; lastKnownFileType = "wrapper.plug-in"; path = Settings.bundle; sourceTree = "<group>"; };
		174557F6269C23A20069FDD0 /* FavoritesManager.swift */ = {isa = PBXFileReference; lastKnownFileType = sourcecode.swift; path = FavoritesManager.swift; sourceTree = "<group>"; };
		1746B50024DE0054001E7357 /* AlertItem.swift */ = {isa = PBXFileReference; lastKnownFileType = sourcecode.swift; path = AlertItem.swift; sourceTree = "<group>"; };
		17493750269C2BE3001DB8B5 /* SwissBirds.entitlements */ = {isa = PBXFileReference; lastKnownFileType = text.plist.entitlements; path = SwissBirds.entitlements; sourceTree = "<group>"; };
		17493751269C3813001DB8B5 /* CloudDefaults.swift */ = {isa = PBXFileReference; fileEncoding = 4; lastKnownFileType = sourcecode.swift; path = CloudDefaults.swift; sourceTree = "<group>"; };
		175CC8DD24856B88006F99D3 /* VdsDataTypes.swift */ = {isa = PBXFileReference; lastKnownFileType = sourcecode.swift; path = VdsDataTypes.swift; sourceTree = "<group>"; };
		175D29992445E8A200FFC603 /* Config.xcconfig */ = {isa = PBXFileReference; fileEncoding = 4; lastKnownFileType = text.xcconfig; path = Config.xcconfig; sourceTree = "<group>"; };
		175D7179248EE1E30041E4F2 /* BirdDetailViewModel.swift */ = {isa = PBXFileReference; lastKnownFileType = sourcecode.swift; path = BirdDetailViewModel.swift; sourceTree = "<group>"; };
		1761694027204E0C0056C08A /* Preview Assets.xcassets */ = {isa = PBXFileReference; lastKnownFileType = folder.assetcatalog; path = "Preview Assets.xcassets"; sourceTree = "<group>"; };
		1761694327205FFB0056C08A /* Snapshots.xctestplan */ = {isa = PBXFileReference; lastKnownFileType = text; path = Snapshots.xctestplan; sourceTree = "<group>"; };
		176E89E124AA71D200D38E6B /* UserDefault.swift */ = {isa = PBXFileReference; lastKnownFileType = sourcecode.swift; path = UserDefault.swift; sourceTree = "<group>"; };
		176E89E324AA725C00D38E6B /* SettingsStore.swift */ = {isa = PBXFileReference; lastKnownFileType = sourcecode.swift; path = SettingsStore.swift; sourceTree = "<group>"; };
		176F9B562744316100AB2A1F /* UnitTests.xctestplan */ = {isa = PBXFileReference; lastKnownFileType = text; path = UnitTests.xctestplan; sourceTree = "<group>"; };
		176FA85427173EA200D9F734 /* BirdGrid.swift */ = {isa = PBXFileReference; lastKnownFileType = sourcecode.swift; path = BirdGrid.swift; sourceTree = "<group>"; };
		176FA85627174BBD00D9F734 /* BirdCell.swift */ = {isa = PBXFileReference; lastKnownFileType = sourcecode.swift; path = BirdCell.swift; sourceTree = "<group>"; };
		177579662AD5E7E800DEAE1A /* Preview-extensions.swift */ = {isa = PBXFileReference; lastKnownFileType = sourcecode.swift; path = "Preview-extensions.swift"; sourceTree = "<group>"; };
		1779657E2453184D00A2A1B2 /* Extensions.swift */ = {isa = PBXFileReference; lastKnownFileType = sourcecode.swift; path = Extensions.swift; sourceTree = "<group>"; };
		177965802453195D00A2A1B2 /* ManagedFilterList.swift */ = {isa = PBXFileReference; lastKnownFileType = sourcecode.swift; path = ManagedFilterList.swift; sourceTree = "<group>"; };
		178324762B5D32D500CD208A /* mul */ = {isa = PBXFileReference; lastKnownFileType = text.json.xcstrings; name = mul; path = mul.lproj/LaunchScreen.xcstrings; sourceTree = "<group>"; };
		178324772B5D32D500CD208A /* Localizable.xcstrings */ = {isa = PBXFileReference; lastKnownFileType = text.json.xcstrings; path = Localizable.xcstrings; sourceTree = "<group>"; };
		178324792B5D32D500CD208A /* Localizable.xcstrings */ = {isa = PBXFileReference; lastKnownFileType = text.json.xcstrings; path = Localizable.xcstrings; sourceTree = "<group>"; };
		1783247B2B5D32D600CD208A /* InfoPlist.xcstrings */ = {isa = PBXFileReference; lastKnownFileType = text.json.xcstrings; path = InfoPlist.xcstrings; sourceTree = "<group>"; };
		17863CDE2496D340005017F9 /* VdsAPI.swift */ = {isa = PBXFileReference; lastKnownFileType = sourcecode.swift; path = VdsAPI.swift; sourceTree = "<group>"; };
		1790857B2431258D003A302F /* Filter.xcassets */ = {isa = PBXFileReference; lastKnownFileType = folder.assetcatalog; path = Filter.xcassets; sourceTree = "<group>"; };
		1798881B2B01720800058E3F /* SwissBirdsApp.swift */ = {isa = PBXFileReference; lastKnownFileType = sourcecode.swift; path = SwissBirdsApp.swift; sourceTree = "<group>"; };
		17A2A45E25643C0C00388357 /* AppState_PreviewWrapper.swift */ = {isa = PBXFileReference; lastKnownFileType = sourcecode.swift; path = AppState_PreviewWrapper.swift; sourceTree = "<group>"; };
		17AAEF44271896940012C22D /* NavigationState.swift */ = {isa = PBXFileReference; lastKnownFileType = sourcecode.swift; path = NavigationState.swift; sourceTree = "<group>"; };
		17B1B4392546C0E200B422B6 /* BirdOfTheDayWidgetExtension.appex */ = {isa = PBXFileReference; explicitFileType = "wrapper.app-extension"; includeInIndex = 0; path = BirdOfTheDayWidgetExtension.appex; sourceTree = BUILT_PRODUCTS_DIR; };
		17B1B43A2546C0E200B422B6 /* WidgetKit.framework */ = {isa = PBXFileReference; lastKnownFileType = wrapper.framework; name = WidgetKit.framework; path = System/Library/Frameworks/WidgetKit.framework; sourceTree = SDKROOT; };
		17B1B43C2546C0E200B422B6 /* SwiftUI.framework */ = {isa = PBXFileReference; lastKnownFileType = wrapper.framework; name = SwiftUI.framework; path = System/Library/Frameworks/SwiftUI.framework; sourceTree = SDKROOT; };
		17B1B43F2546C0E200B422B6 /* BirdOfTheDayWidget.swift */ = {isa = PBXFileReference; lastKnownFileType = sourcecode.swift; path = BirdOfTheDayWidget.swift; sourceTree = "<group>"; };
		17B1B4422546C0E600B422B6 /* Assets.xcassets */ = {isa = PBXFileReference; lastKnownFileType = folder.assetcatalog; path = Assets.xcassets; sourceTree = "<group>"; };
		17B1B4442546C0E600B422B6 /* Info.plist */ = {isa = PBXFileReference; lastKnownFileType = text.plist.xml; path = Info.plist; sourceTree = "<group>"; };
		17B1B4582546C41D00B422B6 /* Languages.swift */ = {isa = PBXFileReference; lastKnownFileType = sourcecode.swift; path = Languages.swift; sourceTree = "<group>"; };
		17B1B46C25470CC100B422B6 /* DataFetcher.swift */ = {isa = PBXFileReference; lastKnownFileType = sourcecode.swift; path = DataFetcher.swift; sourceTree = "<group>"; };
		17B7200A2551FE9D002087FC /* Characteristic.swift */ = {isa = PBXFileReference; lastKnownFileType = sourcecode.swift; path = Characteristic.swift; sourceTree = "<group>"; };
		17B720102551FEB9002087FC /* CharacteristicView.swift */ = {isa = PBXFileReference; lastKnownFileType = sourcecode.swift; path = CharacteristicView.swift; sourceTree = "<group>"; };
		17B960EA23699370003AA802 /* SwissBirds.app */ = {isa = PBXFileReference; explicitFileType = wrapper.application; includeInIndex = 0; path = SwissBirds.app; sourceTree = BUILT_PRODUCTS_DIR; };
		17B960F423699370003AA802 /* ContentView.swift */ = {isa = PBXFileReference; lastKnownFileType = sourcecode.swift; path = ContentView.swift; sourceTree = "<group>"; };
		17B960F623699375003AA802 /* Assets.xcassets */ = {isa = PBXFileReference; lastKnownFileType = folder.assetcatalog; path = Assets.xcassets; sourceTree = "<group>"; };
		17B960FC23699375003AA802 /* Base */ = {isa = PBXFileReference; lastKnownFileType = file.storyboard; name = Base; path = Base.lproj/LaunchScreen.storyboard; sourceTree = "<group>"; };
		17B960FE23699375003AA802 /* Info.plist */ = {isa = PBXFileReference; lastKnownFileType = text.plist.xml; path = Info.plist; sourceTree = "<group>"; };
		17B9610323699375003AA802 /* SwissBirdsTests.xctest */ = {isa = PBXFileReference; explicitFileType = wrapper.cfbundle; includeInIndex = 0; path = SwissBirdsTests.xctest; sourceTree = BUILT_PRODUCTS_DIR; };
		17B9610723699375003AA802 /* SwissBirdsTests.swift */ = {isa = PBXFileReference; lastKnownFileType = sourcecode.swift; path = SwissBirdsTests.swift; sourceTree = "<group>"; };
		17B9610E23699375003AA802 /* SwissBirdsUITests.xctest */ = {isa = PBXFileReference; explicitFileType = wrapper.cfbundle; includeInIndex = 0; path = SwissBirdsUITests.xctest; sourceTree = BUILT_PRODUCTS_DIR; };
		17B9611223699375003AA802 /* SwissBirdsUITests.swift */ = {isa = PBXFileReference; lastKnownFileType = sourcecode.swift; path = SwissBirdsUITests.swift; sourceTree = "<group>"; };
		17BED0E723ADAECF000D389C /* extract.js */ = {isa = PBXFileReference; lastKnownFileType = sourcecode.javascript; path = extract.js; sourceTree = "<group>"; };
		17D1A4FF236CBEFF00E8588C /* BirdDetail.swift */ = {isa = PBXFileReference; lastKnownFileType = sourcecode.swift; path = BirdDetail.swift; sourceTree = "<group>"; };
		17D1A504236CDA8500E8588C /* Data.swift */ = {isa = PBXFileReference; lastKnownFileType = sourcecode.swift; path = Data.swift; sourceTree = "<group>"; };
		17DDB730243675B200ACE032 /* README.md */ = {isa = PBXFileReference; lastKnownFileType = net.daringfireball.markdown; path = README.md; sourceTree = "<group>"; };
		17DDB732243690C100ACE032 /* process_vds_data.js */ = {isa = PBXFileReference; lastKnownFileType = sourcecode.javascript; path = process_vds_data.js; sourceTree = "<group>"; };
		17DDB733243690C100ACE032 /* gen_curl.js */ = {isa = PBXFileReference; lastKnownFileType = sourcecode.javascript; path = gen_curl.js; sourceTree = "<group>"; };
		17DDB735243690C100ACE032 /* symbol-template.svg */ = {isa = PBXFileReference; lastKnownFileType = text.xml; path = "symbol-template.svg"; sourceTree = "<group>"; };
		17DDB736243690C100ACE032 /* prepare_Filter.xcassets.sh */ = {isa = PBXFileReference; lastKnownFileType = text.script.sh; path = prepare_Filter.xcassets.sh; sourceTree = "<group>"; };
		17DDB737243690C100ACE032 /* fetch_data.sh */ = {isa = PBXFileReference; lastKnownFileType = text.script.sh; path = fetch_data.sh; sourceTree = "<group>"; };
		17DFEE24271CBC80005D1AA9 /* Snapshots.xctest */ = {isa = PBXFileReference; explicitFileType = wrapper.cfbundle; includeInIndex = 0; path = Snapshots.xctest; sourceTree = BUILT_PRODUCTS_DIR; };
		17DFEE26271CBC80005D1AA9 /* Snapshots.swift */ = {isa = PBXFileReference; lastKnownFileType = sourcecode.swift; path = Snapshots.swift; sourceTree = "<group>"; };
		17DFEE2F271CBC96005D1AA9 /* SnapshotHelper.swift */ = {isa = PBXFileReference; fileEncoding = 4; lastKnownFileType = sourcecode.swift; path = SnapshotHelper.swift; sourceTree = "<group>"; };
		17E6B34E25497DE500691729 /* SelectSortOptions.swift */ = {isa = PBXFileReference; lastKnownFileType = sourcecode.swift; path = SelectSortOptions.swift; sourceTree = "<group>"; };
		17E6B35825497F9900691729 /* SortOptions.swift */ = {isa = PBXFileReference; lastKnownFileType = sourcecode.swift; path = SortOptions.swift; sourceTree = "<group>"; };
		17E6B35E2549974900691729 /* Checkmark.swift */ = {isa = PBXFileReference; lastKnownFileType = sourcecode.swift; path = Checkmark.swift; sourceTree = "<group>"; };
		17E9BB0724D2111B00A87DF4 /* XCTestCase+Extensions.swift */ = {isa = PBXFileReference; lastKnownFileType = sourcecode.swift; path = "XCTestCase+Extensions.swift"; sourceTree = "<group>"; };
		17ECD39924A655E200226BF4 /* BirdOfTheDay.swift */ = {isa = PBXFileReference; lastKnownFileType = sourcecode.swift; path = BirdOfTheDay.swift; sourceTree = "<group>"; };
		17ECD39D24A72D1800226BF4 /* BirdImageView.swift */ = {isa = PBXFileReference; lastKnownFileType = sourcecode.swift; path = BirdImageView.swift; sourceTree = "<group>"; };
		17EE09BF254F34BC00C600A7 /* SectionGroup.swift */ = {isa = PBXFileReference; lastKnownFileType = sourcecode.swift; path = SectionGroup.swift; sourceTree = "<group>"; };
		17FA869A2A03009B007C31AC /* Placeholder.jpg */ = {isa = PBXFileReference; lastKnownFileType = image.jpeg; path = Placeholder.jpg; sourceTree = "<group>"; };
		17FA869E2A0302B5007C31AC /* Bundle-sampleData.swift */ = {isa = PBXFileReference; lastKnownFileType = sourcecode.swift; path = "Bundle-sampleData.swift"; sourceTree = "<group>"; };
		17FA86A12A030EEB007C31AC /* URLSession+DownloadTaskPublisher.swift */ = {isa = PBXFileReference; fileEncoding = 4; lastKnownFileType = sourcecode.swift; path = "URLSession+DownloadTaskPublisher.swift"; sourceTree = "<group>"; };
		17FA86A42A030F0E007C31AC /* UnfairLock.swift */ = {isa = PBXFileReference; fileEncoding = 4; lastKnownFileType = sourcecode.swift; path = UnfairLock.swift; sourceTree = "<group>"; };
		17FA86A82A03AD34007C31AC /* UIImage-resize.swift */ = {isa = PBXFileReference; lastKnownFileType = sourcecode.swift; path = "UIImage-resize.swift"; sourceTree = "<group>"; };
		17FB3B88236B93650059D268 /* Species.swift */ = {isa = PBXFileReference; lastKnownFileType = sourcecode.swift; path = Species.swift; sourceTree = "<group>"; };
		17FB3B8A236B96A20059D268 /* FilterCriteria.swift */ = {isa = PBXFileReference; lastKnownFileType = sourcecode.swift; path = FilterCriteria.swift; sourceTree = "<group>"; };
		17FB3B8C236B9ABC0059D268 /* BirdList.swift */ = {isa = PBXFileReference; lastKnownFileType = sourcecode.swift; path = BirdList.swift; sourceTree = "<group>"; };
/* End PBXFileReference section */

/* Begin PBXFrameworksBuildPhase section */
		17B1B4362546C0E200B422B6 /* Frameworks */ = {
			isa = PBXFrameworksBuildPhase;
			buildActionMask = 2147483647;
			files = (
				17B1B43D2546C0E200B422B6 /* SwiftUI.framework in Frameworks */,
				17B1B43B2546C0E200B422B6 /* WidgetKit.framework in Frameworks */,
			);
			runOnlyForDeploymentPostprocessing = 0;
		};
		17B960E723699370003AA802 /* Frameworks */ = {
			isa = PBXFrameworksBuildPhase;
			buildActionMask = 2147483647;
			files = (
			);
			runOnlyForDeploymentPostprocessing = 0;
		};
		17B9610023699375003AA802 /* Frameworks */ = {
			isa = PBXFrameworksBuildPhase;
			buildActionMask = 2147483647;
			files = (
			);
			runOnlyForDeploymentPostprocessing = 0;
		};
		17B9610B23699375003AA802 /* Frameworks */ = {
			isa = PBXFrameworksBuildPhase;
			buildActionMask = 2147483647;
			files = (
			);
			runOnlyForDeploymentPostprocessing = 0;
		};
		17DFEE21271CBC80005D1AA9 /* Frameworks */ = {
			isa = PBXFrameworksBuildPhase;
			buildActionMask = 2147483647;
			files = (
			);
			runOnlyForDeploymentPostprocessing = 0;
		};
/* End PBXFrameworksBuildPhase section */

/* Begin PBXGroup section */
		171BE48424B06AB900CDF93D /* Frameworks */ = {
			isa = PBXGroup;
			children = (
				17B1B43A2546C0E200B422B6 /* WidgetKit.framework */,
				17B1B43C2546C0E200B422B6 /* SwiftUI.framework */,
			);
			name = Frameworks;
			sourceTree = "<group>";
		};
		175CC8E124856C3C006F99D3 /* API */ = {
			isa = PBXGroup;
			children = (
				175CC8DD24856B88006F99D3 /* VdsDataTypes.swift */,
				17863CDE2496D340005017F9 /* VdsAPI.swift */,
			);
			path = API;
			sourceTree = "<group>";
		};
		1761694127204E550056C08A /* Preview Content */ = {
			isa = PBXGroup;
			children = (
				177579662AD5E7E800DEAE1A /* Preview-extensions.swift */,
				1761694027204E0C0056C08A /* Preview Assets.xcassets */,
			);
			path = "Preview Content";
			sourceTree = "<group>";
		};
		17B1B43E2546C0E200B422B6 /* BirdOfTheDayWidget */ = {
			isa = PBXGroup;
			children = (
				17B1B43F2546C0E200B422B6 /* BirdOfTheDayWidget.swift */,
				17FA869E2A0302B5007C31AC /* Bundle-sampleData.swift */,
				17FA86A82A03AD34007C31AC /* UIImage-resize.swift */,
				1783247B2B5D32D600CD208A /* InfoPlist.xcstrings */,
				178324792B5D32D500CD208A /* Localizable.xcstrings */,
				17B1B46C25470CC100B422B6 /* DataFetcher.swift */,
				17FA869A2A03009B007C31AC /* Placeholder.jpg */,
				17B1B4422546C0E600B422B6 /* Assets.xcassets */,
				1761694127204E550056C08A /* Preview Content */,
				17B1B4442546C0E600B422B6 /* Info.plist */,
			);
			path = BirdOfTheDayWidget;
			sourceTree = "<group>";
		};
		17B960E123699370003AA802 = {
			isa = PBXGroup;
			children = (
				17DDB730243675B200ACE032 /* README.md */,
				175D29992445E8A200FFC603 /* Config.xcconfig */,
				1703131B2382C76A007E2EE3 /* .gitignore */,
				17DDB731243690C100ACE032 /* data-scripts */,
				17B960EC23699370003AA802 /* SwissBirds */,
				17B9610623699375003AA802 /* SwissBirdsTests */,
				17DFEE32271DFD17005D1AA9 /* SwissBirdsUITests */,
				17BED0E623ADAECF000D389C /* xcresult-parser */,
				17B1B43E2546C0E200B422B6 /* BirdOfTheDayWidget */,
				171BE48424B06AB900CDF93D /* Frameworks */,
				17B960EB23699370003AA802 /* Products */,
			);
			sourceTree = "<group>";
		};
		17B960EB23699370003AA802 /* Products */ = {
			isa = PBXGroup;
			children = (
				17B960EA23699370003AA802 /* SwissBirds.app */,
				17B9610323699375003AA802 /* SwissBirdsTests.xctest */,
				17B9610E23699375003AA802 /* SwissBirdsUITests.xctest */,
				17B1B4392546C0E200B422B6 /* BirdOfTheDayWidgetExtension.appex */,
				17DFEE24271CBC80005D1AA9 /* Snapshots.xctest */,
			);
			name = Products;
			sourceTree = "<group>";
		};
		17B960EC23699370003AA802 /* SwissBirds */ = {
			isa = PBXGroup;
			children = (
				17FA86A72A03A844007C31AC /* Helpers */,
				17493750269C2BE3001DB8B5 /* SwissBirds.entitlements */,
				1798881B2B01720800058E3F /* SwissBirdsApp.swift */,
				1779657E2453184D00A2A1B2 /* Extensions.swift */,
				176E89E124AA71D200D38E6B /* UserDefault.swift */,
				1746B50024DE0054001E7357 /* AlertItem.swift */,
				175CC8E124856C3C006F99D3 /* API */,
				17D1A502236CD96900E8588C /* Models */,
				17D1A503236CD97800E8588C /* Views */,
				17B960F623699375003AA802 /* Assets.xcassets */,
				1790857B2431258D003A302F /* Filter.xcassets */,
				17D1A501236CD95900E8588C /* Resources */,
				17B960FE23699375003AA802 /* Info.plist */,
				172DF95C24AE6A12009F430C /* Settings.bundle */,
			);
			path = SwissBirds;
			sourceTree = "<group>";
		};
		17B9610623699375003AA802 /* SwissBirdsTests */ = {
			isa = PBXGroup;
			children = (
				17B9610723699375003AA802 /* SwissBirdsTests.swift */,
				176F9B562744316100AB2A1F /* UnitTests.xctestplan */,
			);
			path = SwissBirdsTests;
			sourceTree = "<group>";
		};
		17B9611123699375003AA802 /* SwissBirdsUITests */ = {
			isa = PBXGroup;
			children = (
				17B9611223699375003AA802 /* SwissBirdsUITests.swift */,
			);
			path = SwissBirdsUITests;
			sourceTree = "<group>";
		};
		17BED0E623ADAECF000D389C /* xcresult-parser */ = {
			isa = PBXGroup;
			children = (
				1715651223AD7FDA00B8CC13 /* README.md */,
				17BED0E723ADAECF000D389C /* extract.js */,
			);
			path = "xcresult-parser";
			sourceTree = "<group>";
		};
		17D1A501236CD95900E8588C /* Resources */ = {
			isa = PBXGroup;
			children = (
				17B960FB23699375003AA802 /* LaunchScreen.storyboard */,
				178324772B5D32D500CD208A /* Localizable.xcstrings */,
			);
			path = Resources;
			sourceTree = "<group>";
		};
		17D1A502236CD96900E8588C /* Models */ = {
			isa = PBXGroup;
			children = (
				1703131E2382DDF2007E2EE3 /* AppState.swift */,
				17AAEF44271896940012C22D /* NavigationState.swift */,
				174557F6269C23A20069FDD0 /* FavoritesManager.swift */,
				176E89E324AA725C00D38E6B /* SettingsStore.swift */,
				17493751269C3813001DB8B5 /* CloudDefaults.swift */,
				17206830236B5A920008905F /* Filter.swift */,
				177965802453195D00A2A1B2 /* ManagedFilterList.swift */,
				17E6B35825497F9900691729 /* SortOptions.swift */,
				17EE09BF254F34BC00C600A7 /* SectionGroup.swift */,
				17FB3B88236B93650059D268 /* Species.swift */,
				17D1A504236CDA8500E8588C /* Data.swift */,
				17B1B4582546C41D00B422B6 /* Languages.swift */,
				17B7200A2551FE9D002087FC /* Characteristic.swift */,
			);
			path = Models;
			sourceTree = "<group>";
		};
		17D1A503236CD97800E8588C /* Views */ = {
			isa = PBXGroup;
			children = (
				17A2A45E25643C0C00388357 /* AppState_PreviewWrapper.swift */,
				17B960F423699370003AA802 /* ContentView.swift */,
				17FB3B8A236B96A20059D268 /* FilterCriteria.swift */,
				17FB3B8C236B9ABC0059D268 /* BirdList.swift */,
				1715B3682437305100413FBF /* BirdRow.swift */,
				176FA85427173EA200D9F734 /* BirdGrid.swift */,
				176FA85627174BBD00D9F734 /* BirdCell.swift */,
				17D1A4FF236CBEFF00E8588C /* BirdDetail.swift */,
				17ECD39D24A72D1800226BF4 /* BirdImageView.swift */,
				17ECD39924A655E200226BF4 /* BirdOfTheDay.swift */,
				175D7179248EE1E30041E4F2 /* BirdDetailViewModel.swift */,
				17E6B34E25497DE500691729 /* SelectSortOptions.swift */,
				17B720102551FEB9002087FC /* CharacteristicView.swift */,
				17E6B35E2549974900691729 /* Checkmark.swift */,
				1715B36624372FD800413FBF /* SearchField.swift */,
				1720682E236AD0F40008905F /* SymbolView.swift */,
				172D564D24A1077F00C8419E /* ShareSheet.swift */,
			);
			path = Views;
			sourceTree = "<group>";
		};
		17DDB731243690C100ACE032 /* data-scripts */ = {
			isa = PBXGroup;
			children = (
				17DDB737243690C100ACE032 /* fetch_data.sh */,
				17DDB736243690C100ACE032 /* prepare_Filter.xcassets.sh */,
				17DDB732243690C100ACE032 /* process_vds_data.js */,
				17DDB733243690C100ACE032 /* gen_curl.js */,
				17DDB735243690C100ACE032 /* symbol-template.svg */,
			);
			path = "data-scripts";
			sourceTree = "<group>";
		};
		17DFEE25271CBC80005D1AA9 /* Snapshots */ = {
			isa = PBXGroup;
			children = (
				17DFEE26271CBC80005D1AA9 /* Snapshots.swift */,
				17DFEE2F271CBC96005D1AA9 /* SnapshotHelper.swift */,
			);
			path = Snapshots;
			sourceTree = "<group>";
		};
		17DFEE32271DFD17005D1AA9 /* SwissBirdsUITests */ = {
			isa = PBXGroup;
			children = (
				1715651123AD742F00B8CC13 /* SwissBirdsUI.xctestplan */,
				1761694327205FFB0056C08A /* Snapshots.xctestplan */,
				17E9BB0724D2111B00A87DF4 /* XCTestCase+Extensions.swift */,
				17B9611123699375003AA802 /* SwissBirdsUITests */,
				17DFEE25271CBC80005D1AA9 /* Snapshots */,
			);
			path = SwissBirdsUITests;
			sourceTree = "<group>";
		};
		17FA86A72A03A844007C31AC /* Helpers */ = {
			isa = PBXGroup;
			children = (
				17FA86A12A030EEB007C31AC /* URLSession+DownloadTaskPublisher.swift */,
				17FA86A42A030F0E007C31AC /* UnfairLock.swift */,
			);
			path = Helpers;
			sourceTree = "<group>";
		};
/* End PBXGroup section */

/* Begin PBXNativeTarget section */
		17B1B4382546C0E200B422B6 /* BirdOfTheDayWidgetExtension */ = {
			isa = PBXNativeTarget;
			buildConfigurationList = 17B1B44D2546C0E600B422B6 /* Build configuration list for PBXNativeTarget "BirdOfTheDayWidgetExtension" */;
			buildPhases = (
				17B1B4352546C0E200B422B6 /* Sources */,
				17B1B4362546C0E200B422B6 /* Frameworks */,
				17B1B4372546C0E200B422B6 /* Resources */,
			);
			buildRules = (
			);
			dependencies = (
			);
			name = BirdOfTheDayWidgetExtension;
			productName = BirdOfTheDayWidgetExtension;
			productReference = 17B1B4392546C0E200B422B6 /* BirdOfTheDayWidgetExtension.appex */;
			productType = "com.apple.product-type.app-extension";
		};
		17B960E923699370003AA802 /* SwissBirds */ = {
			isa = PBXNativeTarget;
			buildConfigurationList = 17B9611723699375003AA802 /* Build configuration list for PBXNativeTarget "SwissBirds" */;
			buildPhases = (
				17B960E623699370003AA802 /* Sources */,
				17B960E723699370003AA802 /* Frameworks */,
				17B960E823699370003AA802 /* Resources */,
				17B1B44A2546C0E600B422B6 /* Embed Foundation Extensions */,
			);
			buildRules = (
			);
			dependencies = (
				17B1B4482546C0E600B422B6 /* PBXTargetDependency */,
			);
			name = SwissBirds;
			productName = "schweizer-voegel";
			productReference = 17B960EA23699370003AA802 /* SwissBirds.app */;
			productType = "com.apple.product-type.application";
		};
		17B9610223699375003AA802 /* SwissBirdsTests */ = {
			isa = PBXNativeTarget;
			buildConfigurationList = 17B9611A23699375003AA802 /* Build configuration list for PBXNativeTarget "SwissBirdsTests" */;
			buildPhases = (
				17B960FF23699375003AA802 /* Sources */,
				17B9610023699375003AA802 /* Frameworks */,
				17B9610123699375003AA802 /* Resources */,
			);
			buildRules = (
			);
			dependencies = (
				17B9610523699375003AA802 /* PBXTargetDependency */,
			);
			name = SwissBirdsTests;
			productName = "schweizer-voegelTests";
			productReference = 17B9610323699375003AA802 /* SwissBirdsTests.xctest */;
			productType = "com.apple.product-type.bundle.unit-test";
		};
		17B9610D23699375003AA802 /* SwissBirdsUITests */ = {
			isa = PBXNativeTarget;
			buildConfigurationList = 17B9611D23699375003AA802 /* Build configuration list for PBXNativeTarget "SwissBirdsUITests" */;
			buildPhases = (
				17B9610A23699375003AA802 /* Sources */,
				17B9610B23699375003AA802 /* Frameworks */,
				17B9610C23699375003AA802 /* Resources */,
			);
			buildRules = (
			);
			dependencies = (
				17B9611023699375003AA802 /* PBXTargetDependency */,
			);
			name = SwissBirdsUITests;
			productName = "schweizer-voegelUITests";
			productReference = 17B9610E23699375003AA802 /* SwissBirdsUITests.xctest */;
			productType = "com.apple.product-type.bundle.ui-testing";
		};
		17DFEE23271CBC80005D1AA9 /* Snapshots */ = {
			isa = PBXNativeTarget;
			buildConfigurationList = 17DFEE2E271CBC80005D1AA9 /* Build configuration list for PBXNativeTarget "Snapshots" */;
			buildPhases = (
				17DFEE20271CBC80005D1AA9 /* Sources */,
				17DFEE21271CBC80005D1AA9 /* Frameworks */,
				17DFEE22271CBC80005D1AA9 /* Resources */,
			);
			buildRules = (
			);
			dependencies = (
				17DFEE2B271CBC80005D1AA9 /* PBXTargetDependency */,
			);
			name = Snapshots;
			productName = Snapshots;
			productReference = 17DFEE24271CBC80005D1AA9 /* Snapshots.xctest */;
			productType = "com.apple.product-type.bundle.ui-testing";
		};
/* End PBXNativeTarget section */

/* Begin PBXProject section */
		17B960E223699370003AA802 /* Project object */ = {
			isa = PBXProject;
			attributes = {
				BuildIndependentTargetsInParallel = YES;
				LastSwiftUpdateCheck = 1300;
				LastUpgradeCheck = 1500;
				ORGANIZATIONNAME = Philipp;
				TargetAttributes = {
					17B1B4382546C0E200B422B6 = {
						CreatedOnToolsVersion = 12.1;
					};
					17B960E923699370003AA802 = {
						CreatedOnToolsVersion = 11.1;
					};
					17B9610223699375003AA802 = {
						CreatedOnToolsVersion = 11.1;
						TestTargetID = 17B960E923699370003AA802;
					};
					17B9610D23699375003AA802 = {
						CreatedOnToolsVersion = 11.1;
						TestTargetID = 17B960E923699370003AA802;
					};
					17DFEE23271CBC80005D1AA9 = {
						CreatedOnToolsVersion = 13.0;
						TestTargetID = 17B960E923699370003AA802;
					};
				};
			};
			buildConfigurationList = 17B960E523699370003AA802 /* Build configuration list for PBXProject "SwissBirds" */;
			compatibilityVersion = "Xcode 9.3";
			developmentRegion = de;
			hasScannedForEncodings = 0;
			knownRegions = (
				en,
				Base,
				de,
				fr,
				it,
			);
			mainGroup = 17B960E123699370003AA802;
			productRefGroup = 17B960EB23699370003AA802 /* Products */;
			projectDirPath = "";
			projectRoot = "";
			targets = (
				17B960E923699370003AA802 /* SwissBirds */,
				17B9610223699375003AA802 /* SwissBirdsTests */,
				17B9610D23699375003AA802 /* SwissBirdsUITests */,
				17B1B4382546C0E200B422B6 /* BirdOfTheDayWidgetExtension */,
				17DFEE23271CBC80005D1AA9 /* Snapshots */,
			);
		};
/* End PBXProject section */

/* Begin PBXResourcesBuildPhase section */
		17B1B4372546C0E200B422B6 /* Resources */ = {
			isa = PBXResourcesBuildPhase;
			buildActionMask = 2147483647;
			files = (
				17B1B4432546C0E600B422B6 /* Assets.xcassets in Resources */,
				1783247A2B5D32D500CD208A /* Localizable.xcstrings in Resources */,
				17FA869B2A03009B007C31AC /* Placeholder.jpg in Resources */,
				1761694227204F7C0056C08A /* Preview Assets.xcassets in Resources */,
			);
			runOnlyForDeploymentPostprocessing = 0;
		};
		17B960E823699370003AA802 /* Resources */ = {
			isa = PBXResourcesBuildPhase;
			buildActionMask = 2147483647;
			files = (
				178324782B5D32D500CD208A /* Localizable.xcstrings in Resources */,
				1783247C2B5D32D600CD208A /* InfoPlist.xcstrings in Resources */,
				17B960FD23699375003AA802 /* LaunchScreen.storyboard in Resources */,
				172DF95D24AE6A12009F430C /* Settings.bundle in Resources */,
				1790857C2431258D003A302F /* Filter.xcassets in Resources */,
				17B960F723699375003AA802 /* Assets.xcassets in Resources */,
			);
			runOnlyForDeploymentPostprocessing = 0;
		};
		17B9610123699375003AA802 /* Resources */ = {
			isa = PBXResourcesBuildPhase;
			buildActionMask = 2147483647;
			files = (
			);
			runOnlyForDeploymentPostprocessing = 0;
		};
		17B9610C23699375003AA802 /* Resources */ = {
			isa = PBXResourcesBuildPhase;
			buildActionMask = 2147483647;
			files = (
			);
			runOnlyForDeploymentPostprocessing = 0;
		};
		17DFEE22271CBC80005D1AA9 /* Resources */ = {
			isa = PBXResourcesBuildPhase;
			buildActionMask = 2147483647;
			files = (
			);
			runOnlyForDeploymentPostprocessing = 0;
		};
/* End PBXResourcesBuildPhase section */

/* Begin PBXSourcesBuildPhase section */
		17B1B4352546C0E200B422B6 /* Sources */ = {
			isa = PBXSourcesBuildPhase;
			buildActionMask = 2147483647;
			files = (
				17FA86A62A030F0E007C31AC /* UnfairLock.swift in Sources */,
				17FA86AA2A03AD34007C31AC /* UIImage-resize.swift in Sources */,
				17B1B4522546C3E300B422B6 /* VdsDataTypes.swift in Sources */,
				17B1B476254710D800B422B6 /* DataFetcher.swift in Sources */,
				17B1B4632546C44900B422B6 /* Extensions.swift in Sources */,
				17B1B4402546C0E200B422B6 /* BirdOfTheDayWidget.swift in Sources */,
				17FA86A32A030EEF007C31AC /* URLSession+DownloadTaskPublisher.swift in Sources */,
				17FA869F2A0302B5007C31AC /* Bundle-sampleData.swift in Sources */,
				17B1B4532546C3E300B422B6 /* VdsAPI.swift in Sources */,
				17B1B45E2546C42E00B422B6 /* Languages.swift in Sources */,
				177579672AD5E7E800DEAE1A /* Preview-extensions.swift in Sources */,
			);
			runOnlyForDeploymentPostprocessing = 0;
		};
		17B960E623699370003AA802 /* Sources */ = {
			isa = PBXSourcesBuildPhase;
			buildActionMask = 2147483647;
			files = (
				17FA86A92A03AD34007C31AC /* UIImage-resize.swift in Sources */,
				17AAEF45271896940012C22D /* NavigationState.swift in Sources */,
				17FB3B8D236B9ABC0059D268 /* BirdList.swift in Sources */,
				17206831236B5A920008905F /* Filter.swift in Sources */,
				1746B50124DE0054001E7357 /* AlertItem.swift in Sources */,
				17E6B34F25497DE500691729 /* SelectSortOptions.swift in Sources */,
				176FA85727174BBD00D9F734 /* BirdCell.swift in Sources */,
				17493752269C3813001DB8B5 /* CloudDefaults.swift in Sources */,
				176E89E224AA71D200D38E6B /* UserDefault.swift in Sources */,
				1720682F236AD0F40008905F /* SymbolView.swift in Sources */,
				17EE09C0254F34BC00C600A7 /* SectionGroup.swift in Sources */,
				176FA85527173EA200D9F734 /* BirdGrid.swift in Sources */,
				17FB3B8B236B96A20059D268 /* FilterCriteria.swift in Sources */,
				177965812453195D00A2A1B2 /* ManagedFilterList.swift in Sources */,
				17D1A500236CBEFF00E8588C /* BirdDetail.swift in Sources */,
				175D717A248EE1E30041E4F2 /* BirdDetailViewModel.swift in Sources */,
				17A2A45F25643C0C00388357 /* AppState_PreviewWrapper.swift in Sources */,
				17B720112551FEB9002087FC /* CharacteristicView.swift in Sources */,
				17ECD39A24A655E200226BF4 /* BirdOfTheDay.swift in Sources */,
				1715B36724372FD800413FBF /* SearchField.swift in Sources */,
				1703131F2382DDF2007E2EE3 /* AppState.swift in Sources */,
				175CC8DE24856B88006F99D3 /* VdsDataTypes.swift in Sources */,
				172D564E24A1077F00C8419E /* ShareSheet.swift in Sources */,
				17D1A505236CDA8500E8588C /* Data.swift in Sources */,
				1715B3692437305100413FBF /* BirdRow.swift in Sources */,
				17E6B35925497F9900691729 /* SortOptions.swift in Sources */,
				17863CDF2496D340005017F9 /* VdsAPI.swift in Sources */,
				17E6B35F2549974900691729 /* Checkmark.swift in Sources */,
				17ECD39E24A72D1800226BF4 /* BirdImageView.swift in Sources */,
				17B7200B2551FE9D002087FC /* Characteristic.swift in Sources */,
				17FA86A22A030EEB007C31AC /* URLSession+DownloadTaskPublisher.swift in Sources */,
				1798881C2B01720800058E3F /* SwissBirdsApp.swift in Sources */,
				176E89E424AA725C00D38E6B /* SettingsStore.swift in Sources */,
				17B960F523699370003AA802 /* ContentView.swift in Sources */,
				17FA86A52A030F0E007C31AC /* UnfairLock.swift in Sources */,
				174557F7269C23A20069FDD0 /* FavoritesManager.swift in Sources */,
				17FB3B89236B93650059D268 /* Species.swift in Sources */,
				1779657F2453184D00A2A1B2 /* Extensions.swift in Sources */,
				17B1B4592546C41D00B422B6 /* Languages.swift in Sources */,
			);
			runOnlyForDeploymentPostprocessing = 0;
		};
		17B960FF23699375003AA802 /* Sources */ = {
			isa = PBXSourcesBuildPhase;
			buildActionMask = 2147483647;
			files = (
				17B9610823699375003AA802 /* SwissBirdsTests.swift in Sources */,
			);
			runOnlyForDeploymentPostprocessing = 0;
		};
		17B9610A23699375003AA802 /* Sources */ = {
			isa = PBXSourcesBuildPhase;
			buildActionMask = 2147483647;
			files = (
				17E9BB0824D2111B00A87DF4 /* XCTestCase+Extensions.swift in Sources */,
				17B9611323699375003AA802 /* SwissBirdsUITests.swift in Sources */,
			);
			runOnlyForDeploymentPostprocessing = 0;
		};
		17DFEE20271CBC80005D1AA9 /* Sources */ = {
			isa = PBXSourcesBuildPhase;
			buildActionMask = 2147483647;
			files = (
				17DFEE27271CBC80005D1AA9 /* Snapshots.swift in Sources */,
				17DFEE33271DFDC7005D1AA9 /* XCTestCase+Extensions.swift in Sources */,
				17DFEE30271CBC96005D1AA9 /* SnapshotHelper.swift in Sources */,
			);
			runOnlyForDeploymentPostprocessing = 0;
		};
/* End PBXSourcesBuildPhase section */

/* Begin PBXTargetDependency section */
		17B1B4482546C0E600B422B6 /* PBXTargetDependency */ = {
			isa = PBXTargetDependency;
			target = 17B1B4382546C0E200B422B6 /* BirdOfTheDayWidgetExtension */;
			targetProxy = 17B1B4472546C0E600B422B6 /* PBXContainerItemProxy */;
		};
		17B9610523699375003AA802 /* PBXTargetDependency */ = {
			isa = PBXTargetDependency;
			target = 17B960E923699370003AA802 /* SwissBirds */;
			targetProxy = 17B9610423699375003AA802 /* PBXContainerItemProxy */;
		};
		17B9611023699375003AA802 /* PBXTargetDependency */ = {
			isa = PBXTargetDependency;
			target = 17B960E923699370003AA802 /* SwissBirds */;
			targetProxy = 17B9610F23699375003AA802 /* PBXContainerItemProxy */;
		};
		17DFEE2B271CBC80005D1AA9 /* PBXTargetDependency */ = {
			isa = PBXTargetDependency;
			target = 17B960E923699370003AA802 /* SwissBirds */;
			targetProxy = 17DFEE2A271CBC80005D1AA9 /* PBXContainerItemProxy */;
		};
/* End PBXTargetDependency section */

/* Begin PBXVariantGroup section */
		17B960FB23699375003AA802 /* LaunchScreen.storyboard */ = {
			isa = PBXVariantGroup;
			children = (
				17B960FC23699375003AA802 /* Base */,
				178324762B5D32D500CD208A /* mul */,
			);
			name = LaunchScreen.storyboard;
			sourceTree = "<group>";
		};
/* End PBXVariantGroup section */

/* Begin XCBuildConfiguration section */
		17B1B44B2546C0E600B422B6 /* Debug */ = {
			isa = XCBuildConfiguration;
			buildSettings = {
				ASSETCATALOG_COMPILER_GLOBAL_ACCENT_COLOR_NAME = AccentColor;
				ASSETCATALOG_COMPILER_WIDGET_BACKGROUND_COLOR_NAME = WidgetBackground;
				CLANG_WARN_QUOTED_INCLUDE_IN_FRAMEWORK_HEADER = YES;
				CODE_SIGN_STYLE = Automatic;
				DEVELOPMENT_ASSET_PATHS = "\"BirdOfTheDayWidget/Preview Content\"";
				GENERATE_INFOPLIST_FILE = YES;
				INFOPLIST_FILE = BirdOfTheDayWidget/Info.plist;
				INFOPLIST_KEY_CFBundleDisplayName = "Bird of the Day";
				LD_RUNPATH_SEARCH_PATHS = (
					"$(inherited)",
					"@executable_path/Frameworks",
					"@executable_path/../../Frameworks",
				);
				PRODUCT_BUNDLE_IDENTIFIER = "$(inherited).BirdOfTheDayWidget";
				PRODUCT_NAME = "$(TARGET_NAME)";
				SKIP_INSTALL = YES;
				SWIFT_EMIT_LOC_STRINGS = YES;
				SWIFT_VERSION = 5.0;
				TARGETED_DEVICE_FAMILY = "1,2";
			};
			name = Debug;
		};
		17B1B44C2546C0E600B422B6 /* Release */ = {
			isa = XCBuildConfiguration;
			buildSettings = {
				ASSETCATALOG_COMPILER_GLOBAL_ACCENT_COLOR_NAME = AccentColor;
				ASSETCATALOG_COMPILER_WIDGET_BACKGROUND_COLOR_NAME = WidgetBackground;
				CLANG_WARN_QUOTED_INCLUDE_IN_FRAMEWORK_HEADER = YES;
				CODE_SIGN_STYLE = Automatic;
				DEVELOPMENT_ASSET_PATHS = "\"BirdOfTheDayWidget/Preview Content\"";
				GENERATE_INFOPLIST_FILE = YES;
				INFOPLIST_FILE = BirdOfTheDayWidget/Info.plist;
				INFOPLIST_KEY_CFBundleDisplayName = "Bird of the Day";
				LD_RUNPATH_SEARCH_PATHS = (
					"$(inherited)",
					"@executable_path/Frameworks",
					"@executable_path/../../Frameworks",
				);
				PRODUCT_BUNDLE_IDENTIFIER = "$(inherited).BirdOfTheDayWidget";
				PRODUCT_NAME = "$(TARGET_NAME)";
				SKIP_INSTALL = YES;
				SWIFT_EMIT_LOC_STRINGS = YES;
				SWIFT_VERSION = 5.0;
				TARGETED_DEVICE_FAMILY = "1,2";
			};
			name = Release;
		};
		17B9611523699375003AA802 /* Debug */ = {
			isa = XCBuildConfiguration;
			baseConfigurationReference = 175D29992445E8A200FFC603 /* Config.xcconfig */;
			buildSettings = {
				ALWAYS_SEARCH_USER_PATHS = NO;
				ASSETCATALOG_COMPILER_GENERATE_SWIFT_ASSET_SYMBOL_EXTENSIONS = YES;
				CLANG_ANALYZER_LOCALIZABILITY_NONLOCALIZED = YES;
				CLANG_ANALYZER_NONNULL = YES;
				CLANG_ANALYZER_NUMBER_OBJECT_CONVERSION = YES_AGGRESSIVE;
				CLANG_CXX_LANGUAGE_STANDARD = "gnu++14";
				CLANG_CXX_LIBRARY = "libc++";
				CLANG_ENABLE_MODULES = YES;
				CLANG_ENABLE_OBJC_ARC = YES;
				CLANG_ENABLE_OBJC_WEAK = YES;
				CLANG_WARN_BLOCK_CAPTURE_AUTORELEASING = YES;
				CLANG_WARN_BOOL_CONVERSION = YES;
				CLANG_WARN_COMMA = YES;
				CLANG_WARN_CONSTANT_CONVERSION = YES;
				CLANG_WARN_DEPRECATED_OBJC_IMPLEMENTATIONS = YES;
				CLANG_WARN_DIRECT_OBJC_ISA_USAGE = YES_ERROR;
				CLANG_WARN_DOCUMENTATION_COMMENTS = YES;
				CLANG_WARN_EMPTY_BODY = YES;
				CLANG_WARN_ENUM_CONVERSION = YES;
				CLANG_WARN_INFINITE_RECURSION = YES;
				CLANG_WARN_INT_CONVERSION = YES;
				CLANG_WARN_NON_LITERAL_NULL_CONVERSION = YES;
				CLANG_WARN_OBJC_IMPLICIT_RETAIN_SELF = YES;
				CLANG_WARN_OBJC_LITERAL_CONVERSION = YES;
				CLANG_WARN_OBJC_ROOT_CLASS = YES_ERROR;
				CLANG_WARN_QUOTED_INCLUDE_IN_FRAMEWORK_HEADER = YES;
				CLANG_WARN_RANGE_LOOP_ANALYSIS = YES;
				CLANG_WARN_STRICT_PROTOTYPES = YES;
				CLANG_WARN_SUSPICIOUS_MOVE = YES;
				CLANG_WARN_UNGUARDED_AVAILABILITY = YES_AGGRESSIVE;
				CLANG_WARN_UNREACHABLE_CODE = YES;
				CLANG_WARN__DUPLICATE_METHOD_MATCH = YES;
				COPY_PHASE_STRIP = NO;
				DEBUG_INFORMATION_FORMAT = dwarf;
				ENABLE_STRICT_OBJC_MSGSEND = YES;
				ENABLE_TESTABILITY = YES;
				ENABLE_USER_SCRIPT_SANDBOXING = YES;
				GCC_C_LANGUAGE_STANDARD = gnu11;
				GCC_DYNAMIC_NO_PIC = NO;
				GCC_NO_COMMON_BLOCKS = YES;
				GCC_OPTIMIZATION_LEVEL = 0;
				GCC_PREPROCESSOR_DEFINITIONS = (
					"DEBUG=1",
					"$(inherited)",
				);
				GCC_WARN_64_TO_32_BIT_CONVERSION = YES;
				GCC_WARN_ABOUT_RETURN_TYPE = YES_ERROR;
				GCC_WARN_UNDECLARED_SELECTOR = YES;
				GCC_WARN_UNINITIALIZED_AUTOS = YES_AGGRESSIVE;
				GCC_WARN_UNUSED_FUNCTION = YES;
				GCC_WARN_UNUSED_VARIABLE = YES;
				GENERATE_INFOPLIST_FILE = YES;
				IPHONEOS_DEPLOYMENT_TARGET = 15.6;
				LOCALIZATION_PREFERS_STRING_CATALOGS = YES;
				MTL_ENABLE_DEBUG_INFO = INCLUDE_SOURCE;
				MTL_FAST_MATH = YES;
				ONLY_ACTIVE_ARCH = YES;
				PRODUCT_BUNDLE_IDENTIFIER = "schweizer-voegel";
				SDKROOT = iphoneos;
				SWIFT_ACTIVE_COMPILATION_CONDITIONS = DEBUG;
				SWIFT_OPTIMIZATION_LEVEL = "-Onone";
			};
			name = Debug;
		};
		17B9611623699375003AA802 /* Release */ = {
			isa = XCBuildConfiguration;
			baseConfigurationReference = 175D29992445E8A200FFC603 /* Config.xcconfig */;
			buildSettings = {
				ALWAYS_SEARCH_USER_PATHS = NO;
				ASSETCATALOG_COMPILER_GENERATE_SWIFT_ASSET_SYMBOL_EXTENSIONS = YES;
				CLANG_ANALYZER_LOCALIZABILITY_NONLOCALIZED = YES;
				CLANG_ANALYZER_NONNULL = YES;
				CLANG_ANALYZER_NUMBER_OBJECT_CONVERSION = YES_AGGRESSIVE;
				CLANG_CXX_LANGUAGE_STANDARD = "gnu++14";
				CLANG_CXX_LIBRARY = "libc++";
				CLANG_ENABLE_MODULES = YES;
				CLANG_ENABLE_OBJC_ARC = YES;
				CLANG_ENABLE_OBJC_WEAK = YES;
				CLANG_WARN_BLOCK_CAPTURE_AUTORELEASING = YES;
				CLANG_WARN_BOOL_CONVERSION = YES;
				CLANG_WARN_COMMA = YES;
				CLANG_WARN_CONSTANT_CONVERSION = YES;
				CLANG_WARN_DEPRECATED_OBJC_IMPLEMENTATIONS = YES;
				CLANG_WARN_DIRECT_OBJC_ISA_USAGE = YES_ERROR;
				CLANG_WARN_DOCUMENTATION_COMMENTS = YES;
				CLANG_WARN_EMPTY_BODY = YES;
				CLANG_WARN_ENUM_CONVERSION = YES;
				CLANG_WARN_INFINITE_RECURSION = YES;
				CLANG_WARN_INT_CONVERSION = YES;
				CLANG_WARN_NON_LITERAL_NULL_CONVERSION = YES;
				CLANG_WARN_OBJC_IMPLICIT_RETAIN_SELF = YES;
				CLANG_WARN_OBJC_LITERAL_CONVERSION = YES;
				CLANG_WARN_OBJC_ROOT_CLASS = YES_ERROR;
				CLANG_WARN_QUOTED_INCLUDE_IN_FRAMEWORK_HEADER = YES;
				CLANG_WARN_RANGE_LOOP_ANALYSIS = YES;
				CLANG_WARN_STRICT_PROTOTYPES = YES;
				CLANG_WARN_SUSPICIOUS_MOVE = YES;
				CLANG_WARN_UNGUARDED_AVAILABILITY = YES_AGGRESSIVE;
				CLANG_WARN_UNREACHABLE_CODE = YES;
				CLANG_WARN__DUPLICATE_METHOD_MATCH = YES;
				COPY_PHASE_STRIP = NO;
				DEBUG_INFORMATION_FORMAT = "dwarf-with-dsym";
				ENABLE_NS_ASSERTIONS = NO;
				ENABLE_STRICT_OBJC_MSGSEND = YES;
				ENABLE_USER_SCRIPT_SANDBOXING = YES;
				GCC_C_LANGUAGE_STANDARD = gnu11;
				GCC_NO_COMMON_BLOCKS = YES;
				GCC_WARN_64_TO_32_BIT_CONVERSION = YES;
				GCC_WARN_ABOUT_RETURN_TYPE = YES_ERROR;
				GCC_WARN_UNDECLARED_SELECTOR = YES;
				GCC_WARN_UNINITIALIZED_AUTOS = YES_AGGRESSIVE;
				GCC_WARN_UNUSED_FUNCTION = YES;
				GCC_WARN_UNUSED_VARIABLE = YES;
				GENERATE_INFOPLIST_FILE = YES;
				IPHONEOS_DEPLOYMENT_TARGET = 15.6;
				LOCALIZATION_PREFERS_STRING_CATALOGS = YES;
				MTL_ENABLE_DEBUG_INFO = NO;
				MTL_FAST_MATH = YES;
				PRODUCT_BUNDLE_IDENTIFIER = "schweizer-voegel";
				SDKROOT = iphoneos;
				SWIFT_COMPILATION_MODE = wholemodule;
				SWIFT_OPTIMIZATION_LEVEL = "-O";
				VALIDATE_PRODUCT = YES;
			};
			name = Release;
		};
		17B9611823699375003AA802 /* Debug */ = {
			isa = XCBuildConfiguration;
			buildSettings = {
				ALWAYS_EMBED_SWIFT_STANDARD_LIBRARIES = YES;
				ASSETCATALOG_COMPILER_APPICON_NAME = AppIcon;
				CODE_SIGN_ENTITLEMENTS = SwissBirds/SwissBirds.entitlements;
				ENABLE_PREVIEWS = YES;
				INFOPLIST_FILE = SwissBirds/Info.plist;
				INFOPLIST_KEY_LSApplicationCategoryType = "public.app-category.reference";
				INFOPLIST_KEY_NSSiriUsageDescription = "Bird of the day usage will be shared with Siri, so Siri will be able to propose this action intelligently.";
				INFOPLIST_KEY_UILaunchStoryboardName = LaunchScreen;
				INFOPLIST_KEY_UIRequiredDeviceCapabilities = armv7;
				INFOPLIST_KEY_UISupportedInterfaceOrientations = "UIInterfaceOrientationLandscapeLeft UIInterfaceOrientationLandscapeRight UIInterfaceOrientationPortrait";
				INFOPLIST_KEY_UISupportedInterfaceOrientations_iPad = "UIInterfaceOrientationLandscapeLeft UIInterfaceOrientationLandscapeRight UIInterfaceOrientationPortrait UIInterfaceOrientationPortraitUpsideDown";
				LD_RUNPATH_SEARCH_PATHS = (
					"$(inherited)",
					"@executable_path/Frameworks",
				);
				PRODUCT_NAME = "$(TARGET_NAME)";
				SWIFT_EMIT_LOC_STRINGS = YES;
				SWIFT_VERSION = 5.0;
				TARGETED_DEVICE_FAMILY = "1,2";
			};
			name = Debug;
		};
		17B9611923699375003AA802 /* Release */ = {
			isa = XCBuildConfiguration;
			buildSettings = {
				ALWAYS_EMBED_SWIFT_STANDARD_LIBRARIES = YES;
				ASSETCATALOG_COMPILER_APPICON_NAME = AppIcon;
				CODE_SIGN_ENTITLEMENTS = SwissBirds/SwissBirds.entitlements;
				ENABLE_PREVIEWS = YES;
				INFOPLIST_FILE = SwissBirds/Info.plist;
				INFOPLIST_KEY_LSApplicationCategoryType = "public.app-category.reference";
				INFOPLIST_KEY_NSSiriUsageDescription = "Bird of the day usage will be shared with Siri, so Siri will be able to propose this action intelligently.";
				INFOPLIST_KEY_UILaunchStoryboardName = LaunchScreen;
				INFOPLIST_KEY_UIRequiredDeviceCapabilities = armv7;
				INFOPLIST_KEY_UISupportedInterfaceOrientations = "UIInterfaceOrientationLandscapeLeft UIInterfaceOrientationLandscapeRight UIInterfaceOrientationPortrait";
				INFOPLIST_KEY_UISupportedInterfaceOrientations_iPad = "UIInterfaceOrientationLandscapeLeft UIInterfaceOrientationLandscapeRight UIInterfaceOrientationPortrait UIInterfaceOrientationPortraitUpsideDown";
				LD_RUNPATH_SEARCH_PATHS = (
					"$(inherited)",
					"@executable_path/Frameworks",
				);
				PRODUCT_NAME = "$(TARGET_NAME)";
				SWIFT_EMIT_LOC_STRINGS = YES;
				SWIFT_VERSION = 5.0;
				TARGETED_DEVICE_FAMILY = "1,2";
			};
			name = Release;
		};
		17B9611B23699375003AA802 /* Debug */ = {
			isa = XCBuildConfiguration;
			buildSettings = {
				ALWAYS_EMBED_SWIFT_STANDARD_LIBRARIES = YES;
				BUNDLE_LOADER = "$(TEST_HOST)";
				GENERATE_INFOPLIST_FILE = YES;
				LD_RUNPATH_SEARCH_PATHS = (
					"$(inherited)",
					"@executable_path/Frameworks",
					"@loader_path/Frameworks",
				);
				PRODUCT_BUNDLE_IDENTIFIER = "$(inherited)-Tests";
				PRODUCT_NAME = "$(TARGET_NAME)";
				SWIFT_VERSION = 5.0;
				TARGETED_DEVICE_FAMILY = "1,2";
				TEST_HOST = "$(BUILT_PRODUCTS_DIR)/SwissBirds.app/SwissBirds";
			};
			name = Debug;
		};
		17B9611C23699375003AA802 /* Release */ = {
			isa = XCBuildConfiguration;
			buildSettings = {
				ALWAYS_EMBED_SWIFT_STANDARD_LIBRARIES = YES;
				BUNDLE_LOADER = "$(TEST_HOST)";
				GENERATE_INFOPLIST_FILE = YES;
				LD_RUNPATH_SEARCH_PATHS = (
					"$(inherited)",
					"@executable_path/Frameworks",
					"@loader_path/Frameworks",
				);
				PRODUCT_BUNDLE_IDENTIFIER = "$(inherited)-Tests";
				PRODUCT_NAME = "$(TARGET_NAME)";
				SWIFT_VERSION = 5.0;
				TARGETED_DEVICE_FAMILY = "1,2";
				TEST_HOST = "$(BUILT_PRODUCTS_DIR)/SwissBirds.app/SwissBirds";
			};
			name = Release;
		};
		17B9611E23699375003AA802 /* Debug */ = {
			isa = XCBuildConfiguration;
			buildSettings = {
				ALWAYS_EMBED_SWIFT_STANDARD_LIBRARIES = YES;
				GENERATE_INFOPLIST_FILE = YES;
				LD_RUNPATH_SEARCH_PATHS = (
					"$(inherited)",
					"@executable_path/Frameworks",
					"@loader_path/Frameworks",
				);
				PRODUCT_BUNDLE_IDENTIFIER = "$(inherited)-UITests";
				PRODUCT_NAME = "$(TARGET_NAME)";
				SWIFT_VERSION = 5.0;
				TARGETED_DEVICE_FAMILY = "1,2";
				TEST_TARGET_NAME = SwissBirds;
			};
			name = Debug;
		};
		17B9611F23699375003AA802 /* Release */ = {
			isa = XCBuildConfiguration;
			buildSettings = {
				ALWAYS_EMBED_SWIFT_STANDARD_LIBRARIES = YES;
				GENERATE_INFOPLIST_FILE = YES;
				LD_RUNPATH_SEARCH_PATHS = (
					"$(inherited)",
					"@executable_path/Frameworks",
					"@loader_path/Frameworks",
				);
				PRODUCT_BUNDLE_IDENTIFIER = "$(inherited)-UITests";
				PRODUCT_NAME = "$(TARGET_NAME)";
				SWIFT_VERSION = 5.0;
				TARGETED_DEVICE_FAMILY = "1,2";
				TEST_TARGET_NAME = SwissBirds;
			};
			name = Release;
		};
		17DFEE2C271CBC80005D1AA9 /* Debug */ = {
			isa = XCBuildConfiguration;
			buildSettings = {
				CLANG_CXX_LANGUAGE_STANDARD = "gnu++17";
				CODE_SIGN_STYLE = Automatic;
				GENERATE_INFOPLIST_FILE = YES;
				LD_RUNPATH_SEARCH_PATHS = (
					"$(inherited)",
					"@executable_path/Frameworks",
					"@loader_path/Frameworks",
				);
				PRODUCT_BUNDLE_IDENTIFIER = com.yourcompany.Snapshots;
				PRODUCT_NAME = "$(TARGET_NAME)";
				SWIFT_EMIT_LOC_STRINGS = NO;
				SWIFT_VERSION = 5.0;
				TARGETED_DEVICE_FAMILY = "1,2";
				TEST_TARGET_NAME = SwissBirds;
			};
			name = Debug;
		};
		17DFEE2D271CBC80005D1AA9 /* Release */ = {
			isa = XCBuildConfiguration;
			buildSettings = {
				CLANG_CXX_LANGUAGE_STANDARD = "gnu++17";
				CODE_SIGN_STYLE = Automatic;
				GENERATE_INFOPLIST_FILE = YES;
				LD_RUNPATH_SEARCH_PATHS = (
					"$(inherited)",
					"@executable_path/Frameworks",
					"@loader_path/Frameworks",
				);
				PRODUCT_BUNDLE_IDENTIFIER = com.yourcompany.Snapshots;
				PRODUCT_NAME = "$(TARGET_NAME)";
				SWIFT_EMIT_LOC_STRINGS = NO;
				SWIFT_VERSION = 5.0;
				TARGETED_DEVICE_FAMILY = "1,2";
				TEST_TARGET_NAME = SwissBirds;
			};
			name = Release;
		};
/* End XCBuildConfiguration section */

/* Begin XCConfigurationList section */
		17B1B44D2546C0E600B422B6 /* Build configuration list for PBXNativeTarget "BirdOfTheDayWidgetExtension" */ = {
			isa = XCConfigurationList;
			buildConfigurations = (
				17B1B44B2546C0E600B422B6 /* Debug */,
				17B1B44C2546C0E600B422B6 /* Release */,
			);
			defaultConfigurationIsVisible = 0;
			defaultConfigurationName = Release;
		};
		17B960E523699370003AA802 /* Build configuration list for PBXProject "SwissBirds" */ = {
			isa = XCConfigurationList;
			buildConfigurations = (
				17B9611523699375003AA802 /* Debug */,
				17B9611623699375003AA802 /* Release */,
			);
			defaultConfigurationIsVisible = 0;
			defaultConfigurationName = Release;
		};
		17B9611723699375003AA802 /* Build configuration list for PBXNativeTarget "SwissBirds" */ = {
			isa = XCConfigurationList;
			buildConfigurations = (
				17B9611823699375003AA802 /* Debug */,
				17B9611923699375003AA802 /* Release */,
			);
			defaultConfigurationIsVisible = 0;
			defaultConfigurationName = Release;
		};
		17B9611A23699375003AA802 /* Build configuration list for PBXNativeTarget "SwissBirdsTests" */ = {
			isa = XCConfigurationList;
			buildConfigurations = (
				17B9611B23699375003AA802 /* Debug */,
				17B9611C23699375003AA802 /* Release */,
			);
			defaultConfigurationIsVisible = 0;
			defaultConfigurationName = Release;
		};
		17B9611D23699375003AA802 /* Build configuration list for PBXNativeTarget "SwissBirdsUITests" */ = {
			isa = XCConfigurationList;
			buildConfigurations = (
				17B9611E23699375003AA802 /* Debug */,
				17B9611F23699375003AA802 /* Release */,
			);
			defaultConfigurationIsVisible = 0;
			defaultConfigurationName = Release;
		};
		17DFEE2E271CBC80005D1AA9 /* Build configuration list for PBXNativeTarget "Snapshots" */ = {
			isa = XCConfigurationList;
			buildConfigurations = (
				17DFEE2C271CBC80005D1AA9 /* Debug */,
				17DFEE2D271CBC80005D1AA9 /* Release */,
			);
			defaultConfigurationIsVisible = 0;
			defaultConfigurationName = Release;
		};
/* End XCConfigurationList section */
	};
	rootObject = 17B960E223699370003AA802 /* Project object */;
}
